DEPENDENCIES
  nginx
    git: https://github.com/Engineering3637/Nginxcookbook.git
    revision: 98a16b125904f5c63c025e165f65a6184d633a57
  node
    git: https://github.com/Engineering3637/nodejs.git
    revision: 90ed3fd46704a0a1da070dc31b04a5ec88873646

GRAPH
  apt (7.2.0)
  ark (4.0.0)
    build-essential (>= 0.0.0)
    seven_zip (>= 0.0.0)
  build-essential (8.2.1)
    mingw (>= 1.1)
    seven_zip (>= 0.0.0)
  mingw (2.1.0)
    seven_zip (>= 0.0.0)
  nginx (0.1.0)
  node (0.1.0)
    apt (>= 0.0.0)
    nodejs (~> 6.0.0)
  nodejs (6.0.0)
    ark (>= 2.0.2)
    build-essential (>= 5.0)
  seven_zip (3.1.1)
    windows (>= 0.0.0)
  windows (6.0.0)
